// !$*UTF8*$!
{
	archiveVersion = 1;
	classes = {
	};
	objectVersion = 50;
	objects = {

/* Begin PBXBuildFile section */
		110C724922D84E620096817A /* AppDelegate.swift in Sources */ = {isa = PBXBuildFile; fileRef = 110C724822D84E620096817A /* AppDelegate.swift */; };
		110C724B22D84E620096817A /* NumbersViewController.swift in Sources */ = {isa = PBXBuildFile; fileRef = 110C724A22D84E620096817A /* NumbersViewController.swift */; };
		110C724E22D84E620096817A /* Main.storyboard in Resources */ = {isa = PBXBuildFile; fileRef = 110C724C22D84E620096817A /* Main.storyboard */; };
		110C725022D84E620096817A /* Assets.xcassets in Resources */ = {isa = PBXBuildFile; fileRef = 110C724F22D84E620096817A /* Assets.xcassets */; };
		110C726922D8873E0096817A /* EditViewController.swift in Sources */ = {isa = PBXBuildFile; fileRef = 110C726822D8873E0096817A /* EditViewController.swift */; };
		110C726B22DC54B20096817A /* FormattedNumbers.swift in Sources */ = {isa = PBXBuildFile; fileRef = 110C726A22DC54B20096817A /* FormattedNumbers.swift */; };
		110C726D22DCA69B0096817A /* CellWithNumber.swift in Sources */ = {isa = PBXBuildFile; fileRef = 110C726C22DCA69B0096817A /* CellWithNumber.swift */; };
		110C726F22DD90A60096817A /* textNumber.swift in Sources */ = {isa = PBXBuildFile; fileRef = 110C726E22DD90A60096817A /* textNumber.swift */; };
		110C727122DDD2230096817A /* AddingCell.swift in Sources */ = {isa = PBXBuildFile; fileRef = 110C727022DDD2230096817A /* AddingCell.swift */; };
		1138113022E1CB48001D1066 /* CellWithNumberViewModel.swift in Sources */ = {isa = PBXBuildFile; fileRef = 1138112F22E1CB48001D1066 /* CellWithNumberViewModel.swift */; };
		1138113222E1E222001D1066 /* AddingCellViewModel.swift in Sources */ = {isa = PBXBuildFile; fileRef = 1138113122E1E222001D1066 /* AddingCellViewModel.swift */; };
		1138113522E58BB4001D1066 /* Box.swift in Sources */ = {isa = PBXBuildFile; fileRef = 1138113422E58BB4001D1066 /* Box.swift */; };
		1138113722E58EE1001D1066 /* EditViewViewModel.swift in Sources */ = {isa = PBXBuildFile; fileRef = 1138113622E58EE1001D1066 /* EditViewViewModel.swift */; };
		1138113922E5CEFC001D1066 /* FavoriteViewModel.swift in Sources */ = {isa = PBXBuildFile; fileRef = 1138113822E5CEFC001D1066 /* FavoriteViewModel.swift */; };
		1138113B22E6E25E001D1066 /* AllListViewModel.swift in Sources */ = {isa = PBXBuildFile; fileRef = 1138113A22E6E25E001D1066 /* AllListViewModel.swift */; };
		1138113D22E6FBD8001D1066 /* FormattedNumbersStore.swift in Sources */ = {isa = PBXBuildFile; fileRef = 1138113C22E6FBD8001D1066 /* FormattedNumbersStore.swift */; };
		1138114022E710A1001D1066 /* Coordinator.swift in Sources */ = {isa = PBXBuildFile; fileRef = 1138113F22E710A1001D1066 /* Coordinator.swift */; };
		1138114322E71402001D1066 /* Storyboard.swift in Sources */ = {isa = PBXBuildFile; fileRef = 1138114222E71402001D1066 /* Storyboard.swift */; };
		1138114622E7159F001D1066 /* List.storyboard in Resources */ = {isa = PBXBuildFile; fileRef = 1138114522E7159F001D1066 /* List.storyboard */; };
		1138114822E71602001D1066 /* Edit.storyboard in Resources */ = {isa = PBXBuildFile; fileRef = 1138114722E71602001D1066 /* Edit.storyboard */; };
		1138114A22E7164B001D1066 /* Graphic.storyboard in Resources */ = {isa = PBXBuildFile; fileRef = 1138114922E7164B001D1066 /* Graphic.storyboard */; };
		11BD86B422E1C3FA00D772BB /* ViewModel.swift in Sources */ = {isa = PBXBuildFile; fileRef = 11BD86B322E1C3FA00D772BB /* ViewModel.swift */; };
/* End PBXBuildFile section */

/* Begin PBXFileReference section */
		110C724522D84E620096817A /* Numbers.app */ = {isa = PBXFileReference; explicitFileType = wrapper.application; includeInIndex = 0; path = Numbers.app; sourceTree = BUILT_PRODUCTS_DIR; };
		110C724822D84E620096817A /* AppDelegate.swift */ = {isa = PBXFileReference; lastKnownFileType = sourcecode.swift; path = AppDelegate.swift; sourceTree = "<group>"; };
		110C724A22D84E620096817A /* NumbersViewController.swift */ = {isa = PBXFileReference; lastKnownFileType = sourcecode.swift; path = NumbersViewController.swift; sourceTree = "<group>"; };
		110C724D22D84E620096817A /* Base */ = {isa = PBXFileReference; lastKnownFileType = file.storyboard; name = Base; path = Base.lproj/Main.storyboard; sourceTree = "<group>"; };
		110C724F22D84E620096817A /* Assets.xcassets */ = {isa = PBXFileReference; lastKnownFileType = folder.assetcatalog; path = Assets.xcassets; sourceTree = "<group>"; };
		110C725422D84E620096817A /* Info.plist */ = {isa = PBXFileReference; lastKnownFileType = text.plist.xml; path = Info.plist; sourceTree = "<group>"; };
		110C726822D8873E0096817A /* EditViewController.swift */ = {isa = PBXFileReference; lastKnownFileType = sourcecode.swift; path = EditViewController.swift; sourceTree = "<group>"; };
		110C726A22DC54B20096817A /* FormattedNumbers.swift */ = {isa = PBXFileReference; lastKnownFileType = sourcecode.swift; path = FormattedNumbers.swift; sourceTree = "<group>"; };
		110C726C22DCA69B0096817A /* CellWithNumber.swift */ = {isa = PBXFileReference; lastKnownFileType = sourcecode.swift; path = CellWithNumber.swift; sourceTree = "<group>"; };
		110C726E22DD90A60096817A /* textNumber.swift */ = {isa = PBXFileReference; lastKnownFileType = sourcecode.swift; path = textNumber.swift; sourceTree = "<group>"; };
		110C727022DDD2230096817A /* AddingCell.swift */ = {isa = PBXFileReference; lastKnownFileType = sourcecode.swift; path = AddingCell.swift; sourceTree = "<group>"; };
		1138112C22E1C63F001D1066 /* LaunchScreen.storyboard */ = {isa = PBXFileReference; lastKnownFileType = file.storyboard; path = LaunchScreen.storyboard; sourceTree = "<group>"; };
		1138112F22E1CB48001D1066 /* CellWithNumberViewModel.swift */ = {isa = PBXFileReference; lastKnownFileType = sourcecode.swift; path = CellWithNumberViewModel.swift; sourceTree = "<group>"; };
		1138113122E1E222001D1066 /* AddingCellViewModel.swift */ = {isa = PBXFileReference; lastKnownFileType = sourcecode.swift; path = AddingCellViewModel.swift; sourceTree = "<group>"; };
		1138113422E58BB4001D1066 /* Box.swift */ = {isa = PBXFileReference; lastKnownFileType = sourcecode.swift; path = Box.swift; sourceTree = "<group>"; };
		1138113622E58EE1001D1066 /* EditViewViewModel.swift */ = {isa = PBXFileReference; lastKnownFileType = sourcecode.swift; path = EditViewViewModel.swift; sourceTree = "<group>"; };
		1138113822E5CEFC001D1066 /* FavoriteViewModel.swift */ = {isa = PBXFileReference; lastKnownFileType = sourcecode.swift; path = FavoriteViewModel.swift; sourceTree = "<group>"; };
		1138113A22E6E25E001D1066 /* AllListViewModel.swift */ = {isa = PBXFileReference; lastKnownFileType = sourcecode.swift; path = AllListViewModel.swift; sourceTree = "<group>"; };
		1138113C22E6FBD8001D1066 /* FormattedNumbersStore.swift */ = {isa = PBXFileReference; lastKnownFileType = sourcecode.swift; path = FormattedNumbersStore.swift; sourceTree = "<group>"; };
		1138113F22E710A1001D1066 /* Coordinator.swift */ = {isa = PBXFileReference; lastKnownFileType = sourcecode.swift; path = Coordinator.swift; sourceTree = "<group>"; };
		1138114222E71402001D1066 /* Storyboard.swift */ = {isa = PBXFileReference; lastKnownFileType = sourcecode.swift; path = Storyboard.swift; sourceTree = "<group>"; };
		1138114522E7159F001D1066 /* List.storyboard */ = {isa = PBXFileReference; lastKnownFileType = file.storyboard; path = List.storyboard; sourceTree = "<group>"; };
		1138114722E71602001D1066 /* Edit.storyboard */ = {isa = PBXFileReference; lastKnownFileType = file.storyboard; path = Edit.storyboard; sourceTree = "<group>"; };
		1138114922E7164B001D1066 /* Graphic.storyboard */ = {isa = PBXFileReference; lastKnownFileType = file.storyboard; path = Graphic.storyboard; sourceTree = "<group>"; };
		11BD86B322E1C3FA00D772BB /* ViewModel.swift */ = {isa = PBXFileReference; lastKnownFileType = sourcecode.swift; path = ViewModel.swift; sourceTree = "<group>"; };
/* End PBXFileReference section */

/* Begin PBXFrameworksBuildPhase section */
		110C724222D84E620096817A /* Frameworks */ = {
			isa = PBXFrameworksBuildPhase;
			buildActionMask = 2147483647;
			files = (
			);
			runOnlyForDeploymentPostprocessing = 0;
		};
/* End PBXFrameworksBuildPhase section */

/* Begin PBXGroup section */
		110C723C22D84E620096817A = {
			isa = PBXGroup;
			children = (
				110C724722D84E620096817A /* Numbers */,
				110C724622D84E620096817A /* Products */,
			);
			sourceTree = "<group>";
		};
		110C724622D84E620096817A /* Products */ = {
			isa = PBXGroup;
			children = (
				110C724522D84E620096817A /* Numbers.app */,
			);
			name = Products;
			sourceTree = "<group>";
		};
		110C724722D84E620096817A /* Numbers */ = {
			isa = PBXGroup;
			children = (
				1138114422E714F7001D1066 /* StoryBoards */,
				110C724822D84E620096817A /* AppDelegate.swift */,
				1138112C22E1C63F001D1066 /* LaunchScreen.storyboard */,
				1138113422E58BB4001D1066 /* Box.swift */,
				1138113E22E71004001D1066 /* Coordinators */,
				11BD86B222E1C2E500D772BB /* View */,
				11BD86B122E1C2DA00D772BB /* ViewModel */,
				11BD86B522E1C40E00D772BB /* Protocols */,
				110C727522E1C1830096817A /* Model */,
				110C726722D851E80096817A /* Supporting Files */,
			);
			path = Numbers;
			sourceTree = "<group>";
		};
		110C726722D851E80096817A /* Supporting Files */ = {
			isa = PBXGroup;
			children = (
				110C724F22D84E620096817A /* Assets.xcassets */,
				110C725422D84E620096817A /* Info.plist */,
			);
			path = "Supporting Files";
			sourceTree = "<group>";
		};
		110C727522E1C1830096817A /* Model */ = {
			isa = PBXGroup;
			children = (
				110C726E22DD90A60096817A /* textNumber.swift */,
				110C726A22DC54B20096817A /* FormattedNumbers.swift */,
				1138113C22E6FBD8001D1066 /* FormattedNumbersStore.swift */,
			);
			path = Model;
			sourceTree = "<group>";
		};
		1138113E22E71004001D1066 /* Coordinators */ = {
			isa = PBXGroup;
			children = (
				1138113F22E710A1001D1066 /* Coordinator.swift */,
				1138114222E71402001D1066 /* Storyboard.swift */,
			);
			path = Coordinators;
			sourceTree = "<group>";
		};
		1138114422E714F7001D1066 /* StoryBoards */ = {
			isa = PBXGroup;
			children = (
				110C724C22D84E620096817A /* Main.storyboard */,
				1138114522E7159F001D1066 /* List.storyboard */,
				1138114722E71602001D1066 /* Edit.storyboard */,
				1138114922E7164B001D1066 /* Graphic.storyboard */,
			);
			path = StoryBoards;
			sourceTree = "<group>";
		};
		11BD86B122E1C2DA00D772BB /* ViewModel */ = {
			isa = PBXGroup;
			children = (
				11BD86B322E1C3FA00D772BB /* ViewModel.swift */,
				1138113A22E6E25E001D1066 /* AllListViewModel.swift */,
				1138113822E5CEFC001D1066 /* FavoriteViewModel.swift */,
				1138112F22E1CB48001D1066 /* CellWithNumberViewModel.swift */,
				1138113122E1E222001D1066 /* AddingCellViewModel.swift */,
				1138113622E58EE1001D1066 /* EditViewViewModel.swift */,
			);
			path = ViewModel;
			sourceTree = "<group>";
		};
		11BD86B222E1C2E500D772BB /* View */ = {
			isa = PBXGroup;
			children = (
				110C724A22D84E620096817A /* NumbersViewController.swift */,
				110C726C22DCA69B0096817A /* CellWithNumber.swift */,
				110C727022DDD2230096817A /* AddingCell.swift */,
				110C726822D8873E0096817A /* EditViewController.swift */,
			);
			path = View;
			sourceTree = "<group>";
		};
		11BD86B522E1C40E00D772BB /* Protocols */ = {
			isa = PBXGroup;
			children = (
			);
			path = Protocols;
			sourceTree = "<group>";
		};
/* End PBXGroup section */

/* Begin PBXNativeTarget section */
		110C724422D84E620096817A /* Numbers */ = {
			isa = PBXNativeTarget;
			buildConfigurationList = 110C725722D84E620096817A /* Build configuration list for PBXNativeTarget "Numbers" */;
			buildPhases = (
				110C724122D84E620096817A /* Sources */,
				110C724222D84E620096817A /* Frameworks */,
				110C724322D84E620096817A /* Resources */,
			);
			buildRules = (
			);
			dependencies = (
			);
			name = Numbers;
			productName = Numbers;
			productReference = 110C724522D84E620096817A /* Numbers.app */;
			productType = "com.apple.product-type.application";
		};
/* End PBXNativeTarget section */

/* Begin PBXProject section */
		110C723D22D84E620096817A /* Project object */ = {
			isa = PBXProject;
			attributes = {
				LastSwiftUpdateCheck = 1020;
				LastUpgradeCheck = 1020;
				ORGANIZATIONNAME = sbs;
				TargetAttributes = {
					110C724422D84E620096817A = {
						CreatedOnToolsVersion = 10.2;
					};
				};
			};
			buildConfigurationList = 110C724022D84E620096817A /* Build configuration list for PBXProject "Numbers" */;
			compatibilityVersion = "Xcode 9.3";
			developmentRegion = en;
			hasScannedForEncodings = 0;
			knownRegions = (
				en,
				Base,
			);
			mainGroup = 110C723C22D84E620096817A;
			productRefGroup = 110C724622D84E620096817A /* Products */;
			projectDirPath = "";
			projectRoot = "";
			targets = (
				110C724422D84E620096817A /* Numbers */,
			);
		};
/* End PBXProject section */

/* Begin PBXResourcesBuildPhase section */
		110C724322D84E620096817A /* Resources */ = {
			isa = PBXResourcesBuildPhase;
			buildActionMask = 2147483647;
			files = (
				1138114822E71602001D1066 /* Edit.storyboard in Resources */,
				110C725022D84E620096817A /* Assets.xcassets in Resources */,
				1138114622E7159F001D1066 /* List.storyboard in Resources */,
				1138114A22E7164B001D1066 /* Graphic.storyboard in Resources */,
				110C724E22D84E620096817A /* Main.storyboard in Resources */,
			);
			runOnlyForDeploymentPostprocessing = 0;
		};
/* End PBXResourcesBuildPhase section */

/* Begin PBXSourcesBuildPhase section */
		110C724122D84E620096817A /* Sources */ = {
			isa = PBXSourcesBuildPhase;
			buildActionMask = 2147483647;
			files = (
				1138114022E710A1001D1066 /* Coordinator.swift in Sources */,
				110C726D22DCA69B0096817A /* CellWithNumber.swift in Sources */,
				110C727122DDD2230096817A /* AddingCell.swift in Sources */,
				1138114322E71402001D1066 /* Storyboard.swift in Sources */,
				110C724B22D84E620096817A /* NumbersViewController.swift in Sources */,
				110C726922D8873E0096817A /* EditViewController.swift in Sources */,
				110C726F22DD90A60096817A /* textNumber.swift in Sources */,
				1138113D22E6FBD8001D1066 /* FormattedNumbersStore.swift in Sources */,
				1138113522E58BB4001D1066 /* Box.swift in Sources */,
				1138113022E1CB48001D1066 /* CellWithNumberViewModel.swift in Sources */,
				1138113722E58EE1001D1066 /* EditViewViewModel.swift in Sources */,
				110C724922D84E620096817A /* AppDelegate.swift in Sources */,
				1138113222E1E222001D1066 /* AddingCellViewModel.swift in Sources */,
				11BD86B422E1C3FA00D772BB /* ViewModel.swift in Sources */,
				110C726B22DC54B20096817A /* FormattedNumbers.swift in Sources */,
				1138113B22E6E25E001D1066 /* AllListViewModel.swift in Sources */,
				1138113922E5CEFC001D1066 /* FavoriteViewModel.swift in Sources */,
			);
			runOnlyForDeploymentPostprocessing = 0;
		};
/* End PBXSourcesBuildPhase section */

/* Begin PBXVariantGroup section */
		110C724C22D84E620096817A /* Main.storyboard */ = {
			isa = PBXVariantGroup;
			children = (
				110C724D22D84E620096817A /* Base */,
			);
			name = Main.storyboard;
			sourceTree = "<group>";
		};
/* End PBXVariantGroup section */

/* Begin XCBuildConfiguration section */
		110C725522D84E620096817A /* Debug */ = {
			isa = XCBuildConfiguration;
			buildSettings = {
				ALWAYS_SEARCH_USER_PATHS = NO;
				CLANG_ANALYZER_NONNULL = YES;
				CLANG_ANALYZER_NUMBER_OBJECT_CONVERSION = YES_AGGRESSIVE;
				CLANG_CXX_LANGUAGE_STANDARD = "gnu++14";
				CLANG_CXX_LIBRARY = "libc++";
				CLANG_ENABLE_MODULES = YES;
				CLANG_ENABLE_OBJC_ARC = YES;
				CLANG_ENABLE_OBJC_WEAK = YES;
				CLANG_WARN_BLOCK_CAPTURE_AUTORELEASING = YES;
				CLANG_WARN_BOOL_CONVERSION = YES;
				CLANG_WARN_COMMA = YES;
				CLANG_WARN_CONSTANT_CONVERSION = YES;
				CLANG_WARN_DEPRECATED_OBJC_IMPLEMENTATIONS = YES;
				CLANG_WARN_DIRECT_OBJC_ISA_USAGE = YES_ERROR;
				CLANG_WARN_DOCUMENTATION_COMMENTS = YES;
				CLANG_WARN_EMPTY_BODY = YES;
				CLANG_WARN_ENUM_CONVERSION = YES;
				CLANG_WARN_INFINITE_RECURSION = YES;
				CLANG_WARN_INT_CONVERSION = YES;
				CLANG_WARN_NON_LITERAL_NULL_CONVERSION = YES;
				CLANG_WARN_OBJC_IMPLICIT_RETAIN_SELF = YES;
				CLANG_WARN_OBJC_LITERAL_CONVERSION = YES;
				CLANG_WARN_OBJC_ROOT_CLASS = YES_ERROR;
				CLANG_WARN_RANGE_LOOP_ANALYSIS = YES;
				CLANG_WARN_STRICT_PROTOTYPES = YES;
				CLANG_WARN_SUSPICIOUS_MOVE = YES;
				CLANG_WARN_UNGUARDED_AVAILABILITY = YES_AGGRESSIVE;
				CLANG_WARN_UNREACHABLE_CODE = YES;
				CLANG_WARN__DUPLICATE_METHOD_MATCH = YES;
				CODE_SIGN_IDENTITY = "iPhone Developer";
				COPY_PHASE_STRIP = NO;
				DEBUG_INFORMATION_FORMAT = dwarf;
				ENABLE_STRICT_OBJC_MSGSEND = YES;
				ENABLE_TESTABILITY = YES;
				GCC_C_LANGUAGE_STANDARD = gnu11;
				GCC_DYNAMIC_NO_PIC = NO;
				GCC_NO_COMMON_BLOCKS = YES;
				GCC_OPTIMIZATION_LEVEL = 0;
				GCC_PREPROCESSOR_DEFINITIONS = (
					"DEBUG=1",
					"$(inherited)",
				);
				GCC_WARN_64_TO_32_BIT_CONVERSION = YES;
				GCC_WARN_ABOUT_RETURN_TYPE = YES_ERROR;
				GCC_WARN_UNDECLARED_SELECTOR = YES;
				GCC_WARN_UNINITIALIZED_AUTOS = YES_AGGRESSIVE;
				GCC_WARN_UNUSED_FUNCTION = YES;
				GCC_WARN_UNUSED_VARIABLE = YES;
				IPHONEOS_DEPLOYMENT_TARGET = 12.2;
				MTL_ENABLE_DEBUG_INFO = INCLUDE_SOURCE;
				MTL_FAST_MATH = YES;
				ONLY_ACTIVE_ARCH = YES;
				SDKROOT = iphoneos;
				SWIFT_ACTIVE_COMPILATION_CONDITIONS = DEBUG;
				SWIFT_OPTIMIZATION_LEVEL = "-Onone";
			};
			name = Debug;
		};
		110C725622D84E620096817A /* Release */ = {
			isa = XCBuildConfiguration;
			buildSettings = {
				ALWAYS_SEARCH_USER_PATHS = NO;
				CLANG_ANALYZER_NONNULL = YES;
				CLANG_ANALYZER_NUMBER_OBJECT_CONVERSION = YES_AGGRESSIVE;
				CLANG_CXX_LANGUAGE_STANDARD = "gnu++14";
				CLANG_CXX_LIBRARY = "libc++";
				CLANG_ENABLE_MODULES = YES;
				CLANG_ENABLE_OBJC_ARC = YES;
				CLANG_ENABLE_OBJC_WEAK = YES;
				CLANG_WARN_BLOCK_CAPTURE_AUTORELEASING = YES;
				CLANG_WARN_BOOL_CONVERSION = YES;
				CLANG_WARN_COMMA = YES;
				CLANG_WARN_CONSTANT_CONVERSION = YES;
				CLANG_WARN_DEPRECATED_OBJC_IMPLEMENTATIONS = YES;
				CLANG_WARN_DIRECT_OBJC_ISA_USAGE = YES_ERROR;
				CLANG_WARN_DOCUMENTATION_COMMENTS = YES;
				CLANG_WARN_EMPTY_BODY = YES;
				CLANG_WARN_ENUM_CONVERSION = YES;
				CLANG_WARN_INFINITE_RECURSION = YES;
				CLANG_WARN_INT_CONVERSION = YES;
				CLANG_WARN_NON_LITERAL_NULL_CONVERSION = YES;
				CLANG_WARN_OBJC_IMPLICIT_RETAIN_SELF = YES;
				CLANG_WARN_OBJC_LITERAL_CONVERSION = YES;
				CLANG_WARN_OBJC_ROOT_CLASS = YES_ERROR;
				CLANG_WARN_RANGE_LOOP_ANALYSIS = YES;
				CLANG_WARN_STRICT_PROTOTYPES = YES;
				CLANG_WARN_SUSPICIOUS_MOVE = YES;
				CLANG_WARN_UNGUARDED_AVAILABILITY = YES_AGGRESSIVE;
				CLANG_WARN_UNREACHABLE_CODE = YES;
				CLANG_WARN__DUPLICATE_METHOD_MATCH = YES;
				CODE_SIGN_IDENTITY = "iPhone Developer";
				COPY_PHASE_STRIP = NO;
				DEBUG_INFORMATION_FORMAT = "dwarf-with-dsym";
				ENABLE_NS_ASSERTIONS = NO;
				ENABLE_STRICT_OBJC_MSGSEND = YES;
				GCC_C_LANGUAGE_STANDARD = gnu11;
				GCC_NO_COMMON_BLOCKS = YES;
				GCC_WARN_64_TO_32_BIT_CONVERSION = YES;
				GCC_WARN_ABOUT_RETURN_TYPE = YES_ERROR;
				GCC_WARN_UNDECLARED_SELECTOR = YES;
				GCC_WARN_UNINITIALIZED_AUTOS = YES_AGGRESSIVE;
				GCC_WARN_UNUSED_FUNCTION = YES;
				GCC_WARN_UNUSED_VARIABLE = YES;
				IPHONEOS_DEPLOYMENT_TARGET = 12.2;
				MTL_ENABLE_DEBUG_INFO = NO;
				MTL_FAST_MATH = YES;
				SDKROOT = iphoneos;
				SWIFT_COMPILATION_MODE = wholemodule;
				SWIFT_OPTIMIZATION_LEVEL = "-O";
				VALIDATE_PRODUCT = YES;
			};
			name = Release;
		};
		110C725822D84E620096817A /* Debug */ = {
			isa = XCBuildConfiguration;
			buildSettings = {
				ASSETCATALOG_COMPILER_APPICON_NAME = AppIcon;
				CODE_SIGN_STYLE = Automatic;
				DEVELOPMENT_TEAM = FKBESC2D5E;
				INFOPLIST_FILE = "$(SRCROOT)/Numbers/Supporting Files/Info.plist";
				LD_RUNPATH_SEARCH_PATHS = (
					"$(inherited)",
					"@executable_path/Frameworks",
				);
				PRODUCT_BUNDLE_IDENTIFIER = sbs.Numbers;
				PRODUCT_NAME = "$(TARGET_NAME)";
				SWIFT_VERSION = 5.0;
				TARGETED_DEVICE_FAMILY = "1,2";
			};
			name = Debug;
		};
		110C725922D84E620096817A /* Release */ = {
			isa = XCBuildConfiguration;
			buildSettings = {
				ASSETCATALOG_COMPILER_APPICON_NAME = AppIcon;
				CODE_SIGN_STYLE = Automatic;
				DEVELOPMENT_TEAM = FKBESC2D5E;
				INFOPLIST_FILE = "$(SRCROOT)/Numbers/Supporting Files/Info.plist";
				LD_RUNPATH_SEARCH_PATHS = (
					"$(inherited)",
					"@executable_path/Frameworks",
				);
				PRODUCT_BUNDLE_IDENTIFIER = sbs.Numbers;
				PRODUCT_NAME = "$(TARGET_NAME)";
				SWIFT_VERSION = 5.0;
				TARGETED_DEVICE_FAMILY = "1,2";
			};
			name = Release;
		};
/* End XCBuildConfiguration section */

/* Begin XCConfigurationList section */
		110C724022D84E620096817A /* Build configuration list for PBXProject "Numbers" */ = {
			isa = XCConfigurationList;
			buildConfigurations = (
				110C725522D84E620096817A /* Debug */,
				110C725622D84E620096817A /* Release */,
			);
			defaultConfigurationIsVisible = 0;
			defaultConfigurationName = Release;
		};
		110C725722D84E620096817A /* Build configuration list for PBXNativeTarget "Numbers" */ = {
			isa = XCConfigurationList;
			buildConfigurations = (
				110C725822D84E620096817A /* Debug */,
				110C725922D84E620096817A /* Release */,
			);
			defaultConfigurationIsVisible = 0;
			defaultConfigurationName = Release;
		};
/* End XCConfigurationList section */
	};
	rootObject = 110C723D22D84E620096817A /* Project object */;
}
